
Microsoft Visual Studio Solution File, Format Version 12.00
# Visual Studio Version 16
VisualStudioVersion = 16.0.30225.117
MinimumVisualStudioVersion = 10.0.40219.1
Project("{FAE04EC0-301F-11D3-BF4B-00C04F79EFBC}") = "DeliveryCost", "DeliveryCost.csproj", "{8F14573F-F513-46BF-970F-ED59C2ED8138}"
EndProject
Global
	GlobalSection(SolutionConfigurationPlatforms) = preSolution
		Debug|Any CPU = Debug|Any CPU
		Release|Any CPU = Release|Any CPU
	EndGlobalSection
	GlobalSection(ProjectConfigurationPlatforms) = postSolution
		{8F14573F-F513-46BF-970F-ED59C2ED8138}.Debug|Any CPU.ActiveCfg = Debug|Any CPU
		{8F14573F-F513-46BF-970F-ED59C2ED8138}.Debug|Any CPU.Build.0 = Debug|Any CPU
		{8F14573F-F513-46BF-970F-ED59C2ED8138}.Release|Any CPU.ActiveCfg = Release|Any CPU
		{8F14573F-F513-46BF-970F-ED59C2ED8138}.Release|Any CPU.Build.0 = Release|Any CPU
	EndGlobalSection
	GlobalSection(SolutionProperties) = preSolution
		HideSolutionNode = FALSE
	EndGlobalSection
	GlobalSection(ExtensibilityGlobals) = postSolution
		SolutionGuid = {EA4659A8-0597-49E2-8E30-50659A6D14D8}
	EndGlobalSection
EndGlobal
